// !$*UTF8*$!
{
	archiveVersion = 1;
	classes = {
	};
	objectVersion = 55;
	objects = {

/* Begin PBXBuildFile section */
		23034725278BD22600553A7D /* TimeDetail.swift in Sources */ = {isa = PBXBuildFile; fileRef = 23034724278BD22600553A7D /* TimeDetail.swift */; };
		23034729278C32CC00553A7D /* RecursiveSansLnrSt-Regular.ttf in Resources */ = {isa = PBXBuildFile; fileRef = 23034728278C32CC00553A7D /* RecursiveSansLnrSt-Regular.ttf */; };
		2303472A278C32CC00553A7D /* RecursiveSansLnrSt-Regular.ttf in Resources */ = {isa = PBXBuildFile; fileRef = 23034728278C32CC00553A7D /* RecursiveSansLnrSt-Regular.ttf */; };
		2303472B278C32CC00553A7D /* RecursiveSansLnrSt-Regular.ttf in Resources */ = {isa = PBXBuildFile; fileRef = 23034728278C32CC00553A7D /* RecursiveSansLnrSt-Regular.ttf */; };
		2319F8B9276872F200644EB3 /* TimeTrend.swift in Sources */ = {isa = PBXBuildFile; fileRef = 2319F8B8276872F200644EB3 /* TimeTrend.swift */; };
		2324160E2828F5AB0066B3C2 /* SessionBar.swift in Sources */ = {isa = PBXBuildFile; fileRef = 2324160D2828F5AB0066B3C2 /* SessionBar.swift */; };
		2326435D28C490A500F6322E /* FloatingPanel.swift in Sources */ = {isa = PBXBuildFile; fileRef = 2326435B28C490A500F6322E /* FloatingPanel.swift */; };
		2326436028C4927600F6322E /* TimerHeader.swift in Sources */ = {isa = PBXBuildFile; fileRef = 2326435F28C4927600F6322E /* TimerHeader.swift */; };
		2326436228C4929700F6322E /* PrevSolvesDisplay.swift in Sources */ = {isa = PBXBuildFile; fileRef = 2326436128C4929700F6322E /* PrevSolvesDisplay.swift */; };
		2337E6882767619D00438F43 /* StatsDetail.swift in Sources */ = {isa = PBXBuildFile; fileRef = 2337E6872767619D00438F43 /* StatsDetail.swift */; };
		233FE7B6274F109600C6F1DF /* Helper.swift in Sources */ = {isa = PBXBuildFile; fileRef = 233FE7B5274F109600C6F1DF /* Helper.swift */; };
		2359689327A367A0003ED9E1 /* StopwatchManager.swift in Sources */ = {isa = PBXBuildFile; fileRef = 2359689227A367A0003ED9E1 /* StopwatchManager.swift */; };
		235CDA0327A786D800F48C89 /* Updates.swift in Sources */ = {isa = PBXBuildFile; fileRef = 235CDA0227A786D800F48C89 /* Updates.swift */; };
		237B35502761995F00CC39BF /* SettingsCard.swift in Sources */ = {isa = PBXBuildFile; fileRef = 237B354F2761995F00CC39BF /* SettingsCard.swift */; };
		2397131F2791032300268DFA /* AveragePhases.swift in Sources */ = {isa = PBXBuildFile; fileRef = 2397131E2791032300268DFA /* AveragePhases.swift */; };
		239C7E702781511300943AF2 /* Onboarding.swift in Sources */ = {isa = PBXBuildFile; fileRef = 239C7E6F2781511300943AF2 /* Onboarding.swift */; };
		23AB648C293867EA0049993B /* 12sec-audio.wav in Resources */ = {isa = PBXBuildFile; fileRef = 23AB648A293867EA0049993B /* 12sec-audio.wav */; };
		23AB648D293867EA0049993B /* 8sec-audio.wav in Resources */ = {isa = PBXBuildFile; fileRef = 23AB648B293867EA0049993B /* 8sec-audio.wav */; };
		23C85EAC29388C9C00C7C3EC /* StatsSubviews.swift in Sources */ = {isa = PBXBuildFile; fileRef = 23C85EAB29388C9C00C7C3EC /* StatsSubviews.swift */; };
		23CA84602783EBA1003901FB /* ReachedTargets.swift in Sources */ = {isa = PBXBuildFile; fileRef = 23CA845F2783EBA1003901FB /* ReachedTargets.swift */; };
		23CE093427A76D610013E227 /* SessionCard.swift in Sources */ = {isa = PBXBuildFile; fileRef = 23CE093327A76D610013E227 /* SessionCard.swift */; };
		23D01FE327A4AA5D0019FCE5 /* Splash.storyboard in Resources */ = {isa = PBXBuildFile; fileRef = 23D01FE227A4AA5D0019FCE5 /* Splash.storyboard */; };
		23D2FC4D274E12DE00D7071A /* TimeListView.swift in Sources */ = {isa = PBXBuildFile; fileRef = 23D2FC4C274E12DE00D7071A /* TimeListView.swift */; };
		23DE3BDB274DDBE200254D29 /* CubeTimeApp.swift in Sources */ = {isa = PBXBuildFile; fileRef = 23DE3BDA274DDBE200254D29 /* CubeTimeApp.swift */; };
		23DE3BDD274DDBE200254D29 /* TimerView.swift in Sources */ = {isa = PBXBuildFile; fileRef = 23DE3BDC274DDBE200254D29 /* TimerView.swift */; };
		23DE3BDF274DDBE300254D29 /* Assets.xcassets in Resources */ = {isa = PBXBuildFile; fileRef = 23DE3BDE274DDBE300254D29 /* Assets.xcassets */; };
		23DE3BE2274DDBE300254D29 /* Preview Assets.xcassets in Resources */ = {isa = PBXBuildFile; fileRef = 23DE3BE1274DDBE300254D29 /* Preview Assets.xcassets */; };
		23DE3BE4274DDBE300254D29 /* Persistence.swift in Sources */ = {isa = PBXBuildFile; fileRef = 23DE3BE3274DDBE300254D29 /* Persistence.swift */; };
		23DE3BF1274DDBE400254D29 /* CubeTimeTests.swift in Sources */ = {isa = PBXBuildFile; fileRef = 23DE3BF0274DDBE400254D29 /* CubeTimeTests.swift */; };
		23DE3BFB274DDBE400254D29 /* CubeTimeUITests.swift in Sources */ = {isa = PBXBuildFile; fileRef = 23DE3BFA274DDBE400254D29 /* CubeTimeUITests.swift */; };
		23DE3BFD274DDBE400254D29 /* CubeTimeUITestsLaunchTests.swift in Sources */ = {isa = PBXBuildFile; fileRef = 23DE3BFC274DDBE400254D29 /* CubeTimeUITestsLaunchTests.swift */; };
		23E647C62775B2AC00561780 /* TimeDistribution.swift in Sources */ = {isa = PBXBuildFile; fileRef = 23E647C52775B2AC00561780 /* TimeDistribution.swift */; };
		23E81E6C275D8DAE00B741E3 /* GeneralSettings.swift in Sources */ = {isa = PBXBuildFile; fileRef = 23E81E6B275D8DAE00B741E3 /* GeneralSettings.swift */; };
		23E81E6F275D8DCA00B741E3 /* AppearanceSettings.swift in Sources */ = {isa = PBXBuildFile; fileRef = 23E81E6E275D8DCA00B741E3 /* AppearanceSettings.swift */; };
		23E81E73275D8DEA00B741E3 /* AboutSettings.swift in Sources */ = {isa = PBXBuildFile; fileRef = 23E81E72275D8DEA00B741E3 /* AboutSettings.swift */; };
		23EB8A1E2779B6D3000F6663 /* TimeBar.swift in Sources */ = {isa = PBXBuildFile; fileRef = 23EB8A1D2779B6D3000F6663 /* TimeBar.swift */; };
		23F7B19628C4BF7A00436F44 /* SVGKit in Frameworks */ = {isa = PBXBuildFile; productRef = 23F7B19528C4BF7A00436F44 /* SVGKit */; };
		23F7B19828C4BF7A00436F44 /* SVGKitSwift in Frameworks */ = {isa = PBXBuildFile; productRef = 23F7B19728C4BF7A00436F44 /* SVGKitSwift */; };
		7D2B805E279422BD0006AEDD /* AppDelegate.swift in Sources */ = {isa = PBXBuildFile; fileRef = 7D2B805D279422BD0006AEDD /* AppDelegate.swift */; };
		7D3D3154278D3CA400BBDF55 /* TimerTouchView.swift in Sources */ = {isa = PBXBuildFile; fileRef = 7D3D3153278D3CA400BBDF55 /* TimerTouchView.swift */; };
		7D5521DC2799657300B418BE /* Security.framework in Frameworks */ = {isa = PBXBuildFile; fileRef = 7D5521DB2799657300B418BE /* Security.framework */; };
		7D5521DE279965B600B418BE /* libiconv.tbd in Frameworks */ = {isa = PBXBuildFile; fileRef = 7D5521DD2799657B00B418BE /* libiconv.tbd */; };
		7D5C1E81274EF6FF00EAC741 /* MainTabsView.swift in Sources */ = {isa = PBXBuildFile; fileRef = 7D5C1E80274EF6FF00EAC741 /* MainTabsView.swift */; };
		7D6159F92751B53E00DC9A4C /* TimeCard.swift in Sources */ = {isa = PBXBuildFile; fileRef = 7D6159F82751B53E00DC9A4C /* TimeCard.swift */; };
		7D78FF8E276087AF008BB82E /* BottomTabsView.swift in Sources */ = {isa = PBXBuildFile; fileRef = 7D78FF8D276087AF008BB82E /* BottomTabsView.swift */; };
		7D7A9EC0274F38CD00C2E125 /* StatsView.swift in Sources */ = {isa = PBXBuildFile; fileRef = 7D7A9EBF274F38CD00C2E125 /* StatsView.swift */; };
		7D7A9EC4274F392700C2E125 /* SessionsView.swift in Sources */ = {isa = PBXBuildFile; fileRef = 7D7A9EC3274F392700C2E125 /* SessionsView.swift */; };
		7D7A9EC6274F396E00C2E125 /* SettingsView.swift in Sources */ = {isa = PBXBuildFile; fileRef = 7D7A9EC5274F396E00C2E125 /* SettingsView.swift */; };
		7D7D2060274DE13A0016D804 /* txmerdata.xcdatamodeld in Sources */ = {isa = PBXBuildFile; fileRef = 7D7D205E274DE13A0016D804 /* txmerdata.xcdatamodeld */; };
		7D7DDF2327955AFF00362DE9 /* PenButton.swift in Sources */ = {isa = PBXBuildFile; fileRef = 7D7DDF2227955AFF00362DE9 /* PenButton.swift */; };
		7D7E2012275DD52600ADF01D /* Licenses.swift in Sources */ = {isa = PBXBuildFile; fileRef = 7D7E2011275DD52600ADF01D /* Licenses.swift */; };
		7D7E7C63279A69F1004C9A4E /* ScrambleView.swift in Sources */ = {isa = PBXBuildFile; fileRef = 7D7E7C62279A69F0004C9A4E /* ScrambleView.swift */; };
/* End PBXBuildFile section */

/* Begin PBXContainerItemProxy section */
		23DE3BED274DDBE400254D29 /* PBXContainerItemProxy */ = {
			isa = PBXContainerItemProxy;
			containerPortal = 23DE3BCF274DDBE200254D29 /* Project object */;
			proxyType = 1;
			remoteGlobalIDString = 23DE3BD6274DDBE200254D29;
			remoteInfo = txmer;
		};
		23DE3BF7274DDBE400254D29 /* PBXContainerItemProxy */ = {
			isa = PBXContainerItemProxy;
			containerPortal = 23DE3BCF274DDBE200254D29 /* Project object */;
			proxyType = 1;
			remoteGlobalIDString = 23DE3BD6274DDBE200254D29;
			remoteInfo = txmer;
		};
/* End PBXContainerItemProxy section */

/* Begin PBXCopyFilesBuildPhase section */
		7D5521E527997A2E00B418BE /* Embed Frameworks */ = {
			isa = PBXCopyFilesBuildPhase;
			buildActionMask = 2147483647;
			dstPath = "";
			dstSubfolderSpec = 10;
			files = (
			);
			name = "Embed Frameworks";
			runOnlyForDeploymentPostprocessing = 0;
		};
/* End PBXCopyFilesBuildPhase section */

/* Begin PBXFileReference section */
		23034724278BD22600553A7D /* TimeDetail.swift */ = {isa = PBXFileReference; lastKnownFileType = sourcecode.swift; path = TimeDetail.swift; sourceTree = "<group>"; };
		23034728278C32CC00553A7D /* RecursiveSansLnrSt-Regular.ttf */ = {isa = PBXFileReference; lastKnownFileType = file; path = "RecursiveSansLnrSt-Regular.ttf"; sourceTree = "<group>"; };
		2319F8B8276872F200644EB3 /* TimeTrend.swift */ = {isa = PBXFileReference; lastKnownFileType = sourcecode.swift; path = TimeTrend.swift; sourceTree = "<group>"; };
		2324160D2828F5AB0066B3C2 /* SessionBar.swift */ = {isa = PBXFileReference; lastKnownFileType = sourcecode.swift; path = SessionBar.swift; sourceTree = "<group>"; };
		2326435B28C490A500F6322E /* FloatingPanel.swift */ = {isa = PBXFileReference; fileEncoding = 4; lastKnownFileType = sourcecode.swift; path = FloatingPanel.swift; sourceTree = "<group>"; };
		2326435F28C4927600F6322E /* TimerHeader.swift */ = {isa = PBXFileReference; fileEncoding = 4; lastKnownFileType = sourcecode.swift; path = TimerHeader.swift; sourceTree = "<group>"; };
		2326436128C4929700F6322E /* PrevSolvesDisplay.swift */ = {isa = PBXFileReference; fileEncoding = 4; lastKnownFileType = sourcecode.swift; path = PrevSolvesDisplay.swift; sourceTree = "<group>"; };
		2337E6872767619D00438F43 /* StatsDetail.swift */ = {isa = PBXFileReference; lastKnownFileType = sourcecode.swift; path = StatsDetail.swift; sourceTree = "<group>"; };
		233FE7B5274F109600C6F1DF /* Helper.swift */ = {isa = PBXFileReference; lastKnownFileType = sourcecode.swift; path = Helper.swift; sourceTree = "<group>"; };
		2354882227642E2800FE8D7A /* Info.plist */ = {isa = PBXFileReference; lastKnownFileType = text.plist; path = Info.plist; sourceTree = "<group>"; };
		2359689227A367A0003ED9E1 /* StopwatchManager.swift */ = {isa = PBXFileReference; lastKnownFileType = sourcecode.swift; path = StopwatchManager.swift; sourceTree = "<group>"; };
		235CDA0227A786D800F48C89 /* Updates.swift */ = {isa = PBXFileReference; lastKnownFileType = sourcecode.swift; path = Updates.swift; sourceTree = "<group>"; };
		237B354F2761995F00CC39BF /* SettingsCard.swift */ = {isa = PBXFileReference; lastKnownFileType = sourcecode.swift; path = SettingsCard.swift; sourceTree = "<group>"; };
		2397131E2791032300268DFA /* AveragePhases.swift */ = {isa = PBXFileReference; lastKnownFileType = sourcecode.swift; path = AveragePhases.swift; sourceTree = "<group>"; };
		239C7E6F2781511300943AF2 /* Onboarding.swift */ = {isa = PBXFileReference; lastKnownFileType = sourcecode.swift; path = Onboarding.swift; sourceTree = "<group>"; };
		23AB648A293867EA0049993B /* 12sec-audio.wav */ = {isa = PBXFileReference; lastKnownFileType = audio.wav; path = "12sec-audio.wav"; sourceTree = "<group>"; };
		23AB648B293867EA0049993B /* 8sec-audio.wav */ = {isa = PBXFileReference; lastKnownFileType = audio.wav; path = "8sec-audio.wav"; sourceTree = "<group>"; };
		23C85EAB29388C9C00C7C3EC /* StatsSubviews.swift */ = {isa = PBXFileReference; lastKnownFileType = sourcecode.swift; path = StatsSubviews.swift; sourceTree = "<group>"; };
		23CA845F2783EBA1003901FB /* ReachedTargets.swift */ = {isa = PBXFileReference; lastKnownFileType = sourcecode.swift; path = ReachedTargets.swift; sourceTree = "<group>"; };
		23CE093327A76D610013E227 /* SessionCard.swift */ = {isa = PBXFileReference; lastKnownFileType = sourcecode.swift; path = SessionCard.swift; sourceTree = "<group>"; };
		23D01FE227A4AA5D0019FCE5 /* Splash.storyboard */ = {isa = PBXFileReference; lastKnownFileType = file.storyboard; path = Splash.storyboard; sourceTree = "<group>"; };
		23D2FC4C274E12DE00D7071A /* TimeListView.swift */ = {isa = PBXFileReference; lastKnownFileType = sourcecode.swift; path = TimeListView.swift; sourceTree = "<group>"; };
		23DE3BD7274DDBE200254D29 /* CubeTime.app */ = {isa = PBXFileReference; explicitFileType = wrapper.application; includeInIndex = 0; path = CubeTime.app; sourceTree = BUILT_PRODUCTS_DIR; };
		23DE3BDA274DDBE200254D29 /* CubeTimeApp.swift */ = {isa = PBXFileReference; lastKnownFileType = sourcecode.swift; path = CubeTimeApp.swift; sourceTree = "<group>"; };
		23DE3BDC274DDBE200254D29 /* TimerView.swift */ = {isa = PBXFileReference; lastKnownFileType = sourcecode.swift; path = TimerView.swift; sourceTree = "<group>"; };
		23DE3BDE274DDBE300254D29 /* Assets.xcassets */ = {isa = PBXFileReference; lastKnownFileType = folder.assetcatalog; path = Assets.xcassets; sourceTree = "<group>"; };
		23DE3BE1274DDBE300254D29 /* Preview Assets.xcassets */ = {isa = PBXFileReference; lastKnownFileType = folder.assetcatalog; path = "Preview Assets.xcassets"; sourceTree = "<group>"; };
		23DE3BE3274DDBE300254D29 /* Persistence.swift */ = {isa = PBXFileReference; lastKnownFileType = sourcecode.swift; path = Persistence.swift; sourceTree = "<group>"; };
		23DE3BEC274DDBE400254D29 /* CubeTimeTests.xctest */ = {isa = PBXFileReference; explicitFileType = wrapper.cfbundle; includeInIndex = 0; path = CubeTimeTests.xctest; sourceTree = BUILT_PRODUCTS_DIR; };
		23DE3BF0274DDBE400254D29 /* CubeTimeTests.swift */ = {isa = PBXFileReference; lastKnownFileType = sourcecode.swift; path = CubeTimeTests.swift; sourceTree = "<group>"; };
		23DE3BF6274DDBE400254D29 /* CubeTimeUITests.xctest */ = {isa = PBXFileReference; explicitFileType = wrapper.cfbundle; includeInIndex = 0; path = CubeTimeUITests.xctest; sourceTree = BUILT_PRODUCTS_DIR; };
		23DE3BFA274DDBE400254D29 /* CubeTimeUITests.swift */ = {isa = PBXFileReference; lastKnownFileType = sourcecode.swift; path = CubeTimeUITests.swift; sourceTree = "<group>"; };
		23DE3BFC274DDBE400254D29 /* CubeTimeUITestsLaunchTests.swift */ = {isa = PBXFileReference; lastKnownFileType = sourcecode.swift; path = CubeTimeUITestsLaunchTests.swift; sourceTree = "<group>"; };
		23E647C52775B2AC00561780 /* TimeDistribution.swift */ = {isa = PBXFileReference; lastKnownFileType = sourcecode.swift; path = TimeDistribution.swift; sourceTree = "<group>"; };
		23E81E6B275D8DAE00B741E3 /* GeneralSettings.swift */ = {isa = PBXFileReference; lastKnownFileType = sourcecode.swift; path = GeneralSettings.swift; sourceTree = "<group>"; };
		23E81E6E275D8DCA00B741E3 /* AppearanceSettings.swift */ = {isa = PBXFileReference; lastKnownFileType = sourcecode.swift; path = AppearanceSettings.swift; sourceTree = "<group>"; };
		23E81E72275D8DEA00B741E3 /* AboutSettings.swift */ = {isa = PBXFileReference; lastKnownFileType = sourcecode.swift; path = AboutSettings.swift; sourceTree = "<group>"; };
		23EB8A1D2779B6D3000F6663 /* TimeBar.swift */ = {isa = PBXFileReference; lastKnownFileType = sourcecode.swift; path = TimeBar.swift; sourceTree = "<group>"; };
		7D2B805D279422BD0006AEDD /* AppDelegate.swift */ = {isa = PBXFileReference; lastKnownFileType = sourcecode.swift; path = AppDelegate.swift; sourceTree = "<group>"; };
		7D3D3153278D3CA400BBDF55 /* TimerTouchView.swift */ = {isa = PBXFileReference; lastKnownFileType = sourcecode.swift; path = TimerTouchView.swift; sourceTree = "<group>"; };
		7D5521DB2799657300B418BE /* Security.framework */ = {isa = PBXFileReference; lastKnownFileType = wrapper.framework; name = Security.framework; path = System/Library/Frameworks/Security.framework; sourceTree = SDKROOT; };
		7D5521DD2799657B00B418BE /* libiconv.tbd */ = {isa = PBXFileReference; lastKnownFileType = "sourcecode.text-based-dylib-definition"; name = libiconv.tbd; path = usr/lib/libiconv.tbd; sourceTree = SDKROOT; };
		7D5C1E80274EF6FF00EAC741 /* MainTabsView.swift */ = {isa = PBXFileReference; lastKnownFileType = sourcecode.swift; path = MainTabsView.swift; sourceTree = "<group>"; };
		7D6159F82751B53E00DC9A4C /* TimeCard.swift */ = {isa = PBXFileReference; lastKnownFileType = sourcecode.swift; path = TimeCard.swift; sourceTree = "<group>"; };
		7D78FF8D276087AF008BB82E /* BottomTabsView.swift */ = {isa = PBXFileReference; lastKnownFileType = sourcecode.swift; path = BottomTabsView.swift; sourceTree = "<group>"; };
		7D7A9EBF274F38CD00C2E125 /* StatsView.swift */ = {isa = PBXFileReference; lastKnownFileType = sourcecode.swift; path = StatsView.swift; sourceTree = "<group>"; };
		7D7A9EC3274F392700C2E125 /* SessionsView.swift */ = {isa = PBXFileReference; lastKnownFileType = sourcecode.swift; path = SessionsView.swift; sourceTree = "<group>"; };
		7D7A9EC5274F396E00C2E125 /* SettingsView.swift */ = {isa = PBXFileReference; lastKnownFileType = sourcecode.swift; path = SettingsView.swift; sourceTree = "<group>"; };
		7D7C45C42751DE2C0073885C /* 3rdparty-Bridging-Header.h */ = {isa = PBXFileReference; lastKnownFileType = sourcecode.c.h; path = "3rdparty-Bridging-Header.h"; sourceTree = "<group>"; };
		7D7D205F274DE13A0016D804 /* txmerdata.xcdatamodel */ = {isa = PBXFileReference; lastKnownFileType = wrapper.xcdatamodel; path = txmerdata.xcdatamodel; sourceTree = "<group>"; };
		7D7DDF2227955AFF00362DE9 /* PenButton.swift */ = {isa = PBXFileReference; lastKnownFileType = sourcecode.swift; path = PenButton.swift; sourceTree = "<group>"; };
		7D7E2011275DD52600ADF01D /* Licenses.swift */ = {isa = PBXFileReference; lastKnownFileType = sourcecode.swift; path = Licenses.swift; sourceTree = "<group>"; };
		7D7E7C62279A69F0004C9A4E /* ScrambleView.swift */ = {isa = PBXFileReference; lastKnownFileType = sourcecode.swift; path = ScrambleView.swift; sourceTree = "<group>"; };
/* End PBXFileReference section */

/* Begin PBXFrameworksBuildPhase section */
		23DE3BD4274DDBE200254D29 /* Frameworks */ = {
			isa = PBXFrameworksBuildPhase;
			buildActionMask = 2147483647;
			files = (
				23F7B19828C4BF7A00436F44 /* SVGKitSwift in Frameworks */,
				23F7B19628C4BF7A00436F44 /* SVGKit in Frameworks */,
				7D5521DE279965B600B418BE /* libiconv.tbd in Frameworks */,
				7D5521DC2799657300B418BE /* Security.framework in Frameworks */,
			);
			runOnlyForDeploymentPostprocessing = 0;
		};
		23DE3BE9274DDBE400254D29 /* Frameworks */ = {
			isa = PBXFrameworksBuildPhase;
			buildActionMask = 2147483647;
			files = (
			);
			runOnlyForDeploymentPostprocessing = 0;
		};
		23DE3BF3274DDBE400254D29 /* Frameworks */ = {
			isa = PBXFrameworksBuildPhase;
			buildActionMask = 2147483647;
			files = (
			);
			runOnlyForDeploymentPostprocessing = 0;
		};
/* End PBXFrameworksBuildPhase section */

/* Begin PBXGroup section */
		23034727278C31AE00553A7D /* Fonts */ = {
			isa = PBXGroup;
			children = (
				23034728278C32CC00553A7D /* RecursiveSansLnrSt-Regular.ttf */,
			);
			path = Fonts;
			sourceTree = "<group>";
		};
		23A73F5C276B0AA100153748 /* Timer */ = {
			isa = PBXGroup;
			children = (
				23DE3BDC274DDBE200254D29 /* TimerView.swift */,
				2326435F28C4927600F6322E /* TimerHeader.swift */,
				7D7DDF2227955AFF00362DE9 /* PenButton.swift */,
				2359689227A367A0003ED9E1 /* StopwatchManager.swift */,
				7D3D3153278D3CA400BBDF55 /* TimerTouchView.swift */,
				7D7E7C62279A69F0004C9A4E /* ScrambleView.swift */,
				2326436128C4929700F6322E /* PrevSolvesDisplay.swift */,
			);
			path = Timer;
			sourceTree = "<group>";
		};
		23A73F5D276B0AC800153748 /* Tabs */ = {
			isa = PBXGroup;
			children = (
				7D5C1E80274EF6FF00EAC741 /* MainTabsView.swift */,
				7D78FF8D276087AF008BB82E /* BottomTabsView.swift */,
				2326435B28C490A500F6322E /* FloatingPanel.swift */,
			);
			path = Tabs;
			sourceTree = "<group>";
		};
		23A73F5E276B0AED00153748 /* TimeList */ = {
			isa = PBXGroup;
			children = (
				23D2FC4C274E12DE00D7071A /* TimeListView.swift */,
				7D6159F82751B53E00DC9A4C /* TimeCard.swift */,
				23EB8A1D2779B6D3000F6663 /* TimeBar.swift */,
				23034724278BD22600553A7D /* TimeDetail.swift */,
			);
			path = TimeList;
			sourceTree = "<group>";
		};
		23A73F5F276B0B0200153748 /* Sessions */ = {
			isa = PBXGroup;
			children = (
				7D7A9EC3274F392700C2E125 /* SessionsView.swift */,
				23CE093327A76D610013E227 /* SessionCard.swift */,
			);
			path = Sessions;
			sourceTree = "<group>";
		};
		23AB6488293867CB0049993B /* Ext */ = {
			isa = PBXGroup;
			children = (
				23AB6489293867DF0049993B /* Audio */,
				23034727278C31AE00553A7D /* Fonts */,
			);
			path = Ext;
			sourceTree = "<group>";
		};
		23AB6489293867DF0049993B /* Audio */ = {
			isa = PBXGroup;
			children = (
				23AB648B293867EA0049993B /* 8sec-audio.wav */,
				23AB648A293867EA0049993B /* 12sec-audio.wav */,
			);
			path = Audio;
			sourceTree = "<group>";
		};
		23DE3BCE274DDBE200254D29 = {
			isa = PBXGroup;
			children = (
				23DE3BD9274DDBE200254D29 /* CubeTime */,
				23DE3BEF274DDBE400254D29 /* CubeTimeTests */,
				23DE3BF9274DDBE400254D29 /* CubeTimeUITests */,
				23DE3BD8274DDBE200254D29 /* Products */,
				23E647C22775B21B00561780 /* Frameworks */,
			);
			sourceTree = "<group>";
		};
		23DE3BD8274DDBE200254D29 /* Products */ = {
			isa = PBXGroup;
			children = (
				23DE3BD7274DDBE200254D29 /* CubeTime.app */,
				23DE3BEC274DDBE400254D29 /* CubeTimeTests.xctest */,
				23DE3BF6274DDBE400254D29 /* CubeTimeUITests.xctest */,
			);
			name = Products;
			sourceTree = "<group>";
		};
		23DE3BD9274DDBE200254D29 /* CubeTime */ = {
			isa = PBXGroup;
			children = (
				2354882227642E2800FE8D7A /* Info.plist */,
				23AB6488293867CB0049993B /* Ext */,
				23DE3BDA274DDBE200254D29 /* CubeTimeApp.swift */,
				23DE3BE3274DDBE300254D29 /* Persistence.swift */,
				7D2B805D279422BD0006AEDD /* AppDelegate.swift */,
				239C7E6F2781511300943AF2 /* Onboarding.swift */,
				235CDA0227A786D800F48C89 /* Updates.swift */,
				233FE7B5274F109600C6F1DF /* Helper.swift */,
				2324160D2828F5AB0066B3C2 /* SessionBar.swift */,
				23D01FE227A4AA5D0019FCE5 /* Splash.storyboard */,
				7D7C45C42751DE2C0073885C /* 3rdparty-Bridging-Header.h */,
				23DE3BDE274DDBE300254D29 /* Assets.xcassets */,
				7D7D205E274DE13A0016D804 /* txmerdata.xcdatamodeld */,
				7D69E0632751FDBB007211CC /* 3rdparty */,
				23A73F5D276B0AC800153748 /* Tabs */,
				23A73F5C276B0AA100153748 /* Timer */,
				23A73F5E276B0AED00153748 /* TimeList */,
				23A73F5F276B0B0200153748 /* Sessions */,
				23E81E75275D917000B741E3 /* Stats */,
				23E81E6D275D8DB500B741E3 /* Settings */,
				23DE3BE0274DDBE300254D29 /* Preview Content */,
			);
			path = CubeTime;
			sourceTree = "<group>";
		};
		23DE3BE0274DDBE300254D29 /* Preview Content */ = {
			isa = PBXGroup;
			children = (
				23DE3BE1274DDBE300254D29 /* Preview Assets.xcassets */,
			);
			path = "Preview Content";
			sourceTree = "<group>";
		};
		23DE3BEF274DDBE400254D29 /* CubeTimeTests */ = {
			isa = PBXGroup;
			children = (
				23DE3BF0274DDBE400254D29 /* CubeTimeTests.swift */,
			);
			path = CubeTimeTests;
			sourceTree = "<group>";
		};
		23DE3BF9274DDBE400254D29 /* CubeTimeUITests */ = {
			isa = PBXGroup;
			children = (
				23DE3BFA274DDBE400254D29 /* CubeTimeUITests.swift */,
				23DE3BFC274DDBE400254D29 /* CubeTimeUITestsLaunchTests.swift */,
			);
			path = CubeTimeUITests;
			sourceTree = "<group>";
		};
		23E647C22775B21B00561780 /* Frameworks */ = {
			isa = PBXGroup;
			children = (
				7D5521DD2799657B00B418BE /* libiconv.tbd */,
				7D5521DB2799657300B418BE /* Security.framework */,
			);
			name = Frameworks;
			sourceTree = "<group>";
		};
		23E81E6D275D8DB500B741E3 /* Settings */ = {
			isa = PBXGroup;
			children = (
				7D7A9EC5274F396E00C2E125 /* SettingsView.swift */,
				237B354F2761995F00CC39BF /* SettingsCard.swift */,
				23E81E6B275D8DAE00B741E3 /* GeneralSettings.swift */,
				23E81E6E275D8DCA00B741E3 /* AppearanceSettings.swift */,
				23E81E72275D8DEA00B741E3 /* AboutSettings.swift */,
				7D7E2011275DD52600ADF01D /* Licenses.swift */,
			);
			path = Settings;
			sourceTree = "<group>";
		};
		23E81E75275D917000B741E3 /* Stats */ = {
			isa = PBXGroup;
			children = (
				7D7A9EBF274F38CD00C2E125 /* StatsView.swift */,
				23C85EAB29388C9C00C7C3EC /* StatsSubviews.swift */,
				2337E6872767619D00438F43 /* StatsDetail.swift */,
				2319F8B8276872F200644EB3 /* TimeTrend.swift */,
				23E647C52775B2AC00561780 /* TimeDistribution.swift */,
				23CA845F2783EBA1003901FB /* ReachedTargets.swift */,
				2397131E2791032300268DFA /* AveragePhases.swift */,
			);
			path = Stats;
			sourceTree = "<group>";
		};
		7D69E0632751FDBB007211CC /* 3rdparty */ = {
			isa = PBXGroup;
			children = (
			);
			path = 3rdparty;
			sourceTree = "<group>";
		};
/* End PBXGroup section */

/* Begin PBXNativeTarget section */
		23DE3BD6274DDBE200254D29 /* CubeTime */ = {
			isa = PBXNativeTarget;
			buildConfigurationList = 23DE3C00274DDBE400254D29 /* Build configuration list for PBXNativeTarget "CubeTime" */;
			buildPhases = (
				23DE3BD3274DDBE200254D29 /* Sources */,
				23DE3BD4274DDBE200254D29 /* Frameworks */,
				23DE3BD5274DDBE200254D29 /* Resources */,
				7D5521E527997A2E00B418BE /* Embed Frameworks */,
			);
			buildRules = (
			);
			dependencies = (
			);
			name = CubeTime;
			packageProductDependencies = (
				23F7B19528C4BF7A00436F44 /* SVGKit */,
				23F7B19728C4BF7A00436F44 /* SVGKitSwift */,
			);
			productName = txmer;
			productReference = 23DE3BD7274DDBE200254D29 /* CubeTime.app */;
			productType = "com.apple.product-type.application";
		};
		23DE3BEB274DDBE400254D29 /* CubeTimeTests */ = {
			isa = PBXNativeTarget;
			buildConfigurationList = 23DE3C03274DDBE400254D29 /* Build configuration list for PBXNativeTarget "CubeTimeTests" */;
			buildPhases = (
				23DE3BE8274DDBE400254D29 /* Sources */,
				23DE3BE9274DDBE400254D29 /* Frameworks */,
				23DE3BEA274DDBE400254D29 /* Resources */,
			);
			buildRules = (
			);
			dependencies = (
				23DE3BEE274DDBE400254D29 /* PBXTargetDependency */,
			);
			name = CubeTimeTests;
			productName = txmerTests;
			productReference = 23DE3BEC274DDBE400254D29 /* CubeTimeTests.xctest */;
			productType = "com.apple.product-type.bundle.unit-test";
		};
		23DE3BF5274DDBE400254D29 /* CubeTimeUITests */ = {
			isa = PBXNativeTarget;
			buildConfigurationList = 23DE3C06274DDBE400254D29 /* Build configuration list for PBXNativeTarget "CubeTimeUITests" */;
			buildPhases = (
				23DE3BF2274DDBE400254D29 /* Sources */,
				23DE3BF3274DDBE400254D29 /* Frameworks */,
				23DE3BF4274DDBE400254D29 /* Resources */,
			);
			buildRules = (
			);
			dependencies = (
				23DE3BF8274DDBE400254D29 /* PBXTargetDependency */,
			);
			name = CubeTimeUITests;
			productName = txmerUITests;
			productReference = 23DE3BF6274DDBE400254D29 /* CubeTimeUITests.xctest */;
			productType = "com.apple.product-type.bundle.ui-testing";
		};
/* End PBXNativeTarget section */

/* Begin PBXProject section */
		23DE3BCF274DDBE200254D29 /* Project object */ = {
			isa = PBXProject;
			attributes = {
				BuildIndependentTargetsInParallel = 1;
				LastSwiftUpdateCheck = 1310;
				LastUpgradeCheck = 1310;
				TargetAttributes = {
					23DE3BD6274DDBE200254D29 = {
						CreatedOnToolsVersion = 13.1;
					};
					23DE3BEB274DDBE400254D29 = {
						CreatedOnToolsVersion = 13.1;
						TestTargetID = 23DE3BD6274DDBE200254D29;
					};
					23DE3BF5274DDBE400254D29 = {
						CreatedOnToolsVersion = 13.1;
						TestTargetID = 23DE3BD6274DDBE200254D29;
					};
				};
			};
			buildConfigurationList = 23DE3BD2274DDBE200254D29 /* Build configuration list for PBXProject "CubeTime" */;
			compatibilityVersion = "Xcode 13.0";
			developmentRegion = en;
			hasScannedForEncodings = 0;
			knownRegions = (
				en,
				Base,
			);
			mainGroup = 23DE3BCE274DDBE200254D29;
			packageReferences = (
				23F7B19428C4BF7A00436F44 /* XCRemoteSwiftPackageReference "SVGKit" */,
			);
			productRefGroup = 23DE3BD8274DDBE200254D29 /* Products */;
			projectDirPath = "";
			projectRoot = "";
			targets = (
				23DE3BD6274DDBE200254D29 /* CubeTime */,
				23DE3BEB274DDBE400254D29 /* CubeTimeTests */,
				23DE3BF5274DDBE400254D29 /* CubeTimeUITests */,
			);
		};
/* End PBXProject section */

/* Begin PBXResourcesBuildPhase section */
		23DE3BD5274DDBE200254D29 /* Resources */ = {
			isa = PBXResourcesBuildPhase;
			buildActionMask = 2147483647;
			files = (
				23DE3BE2274DDBE300254D29 /* Preview Assets.xcassets in Resources */,
				23034729278C32CC00553A7D /* RecursiveSansLnrSt-Regular.ttf in Resources */,
				23DE3BDF274DDBE300254D29 /* Assets.xcassets in Resources */,
				23AB648C293867EA0049993B /* 12sec-audio.wav in Resources */,
				23AB648D293867EA0049993B /* 8sec-audio.wav in Resources */,
				23D01FE327A4AA5D0019FCE5 /* Splash.storyboard in Resources */,
			);
			runOnlyForDeploymentPostprocessing = 0;
		};
		23DE3BEA274DDBE400254D29 /* Resources */ = {
			isa = PBXResourcesBuildPhase;
			buildActionMask = 2147483647;
			files = (
				2303472A278C32CC00553A7D /* RecursiveSansLnrSt-Regular.ttf in Resources */,
			);
			runOnlyForDeploymentPostprocessing = 0;
		};
		23DE3BF4274DDBE400254D29 /* Resources */ = {
			isa = PBXResourcesBuildPhase;
			buildActionMask = 2147483647;
			files = (
				2303472B278C32CC00553A7D /* RecursiveSansLnrSt-Regular.ttf in Resources */,
			);
			runOnlyForDeploymentPostprocessing = 0;
		};
/* End PBXResourcesBuildPhase section */

/* Begin PBXSourcesBuildPhase section */
		23DE3BD3274DDBE200254D29 /* Sources */ = {
			isa = PBXSourcesBuildPhase;
			buildActionMask = 2147483647;
			files = (
				2397131F2791032300268DFA /* AveragePhases.swift in Sources */,
				23DE3BE4274DDBE300254D29 /* Persistence.swift in Sources */,
				7D3D3154278D3CA400BBDF55 /* TimerTouchView.swift in Sources */,
				7D2B805E279422BD0006AEDD /* AppDelegate.swift in Sources */,
				7D6159F92751B53E00DC9A4C /* TimeCard.swift in Sources */,
				23DE3BDD274DDBE200254D29 /* TimerView.swift in Sources */,
				23EB8A1E2779B6D3000F6663 /* TimeBar.swift in Sources */,
				2359689327A367A0003ED9E1 /* StopwatchManager.swift in Sources */,
				23E81E6C275D8DAE00B741E3 /* GeneralSettings.swift in Sources */,
				7D7D2060274DE13A0016D804 /* txmerdata.xcdatamodeld in Sources */,
				7D7A9EC0274F38CD00C2E125 /* StatsView.swift in Sources */,
				23E81E6F275D8DCA00B741E3 /* AppearanceSettings.swift in Sources */,
				23D2FC4D274E12DE00D7071A /* TimeListView.swift in Sources */,
				7D7A9EC4274F392700C2E125 /* SessionsView.swift in Sources */,
				23E81E73275D8DEA00B741E3 /* AboutSettings.swift in Sources */,
				2326435D28C490A500F6322E /* FloatingPanel.swift in Sources */,
				7D7E7C63279A69F1004C9A4E /* ScrambleView.swift in Sources */,
				7D7E2012275DD52600ADF01D /* Licenses.swift in Sources */,
				237B35502761995F00CC39BF /* SettingsCard.swift in Sources */,
				7D78FF8E276087AF008BB82E /* BottomTabsView.swift in Sources */,
				23DE3BDB274DDBE200254D29 /* CubeTimeApp.swift in Sources */,
				2324160E2828F5AB0066B3C2 /* SessionBar.swift in Sources */,
				7D7DDF2327955AFF00362DE9 /* PenButton.swift in Sources */,
				23E647C62775B2AC00561780 /* TimeDistribution.swift in Sources */,
				235CDA0327A786D800F48C89 /* Updates.swift in Sources */,
				2319F8B9276872F200644EB3 /* TimeTrend.swift in Sources */,
				7D5C1E81274EF6FF00EAC741 /* MainTabsView.swift in Sources */,
				233FE7B6274F109600C6F1DF /* Helper.swift in Sources */,
				7D7A9EC6274F396E00C2E125 /* SettingsView.swift in Sources */,
				2326436028C4927600F6322E /* TimerHeader.swift in Sources */,
				23CA84602783EBA1003901FB /* ReachedTargets.swift in Sources */,
				23034725278BD22600553A7D /* TimeDetail.swift in Sources */,
				2326436228C4929700F6322E /* PrevSolvesDisplay.swift in Sources */,
				239C7E702781511300943AF2 /* Onboarding.swift in Sources */,
				23CE093427A76D610013E227 /* SessionCard.swift in Sources */,
				2337E6882767619D00438F43 /* StatsDetail.swift in Sources */,
				23C85EAC29388C9C00C7C3EC /* StatsSubviews.swift in Sources */,
			);
			runOnlyForDeploymentPostprocessing = 0;
		};
		23DE3BE8274DDBE400254D29 /* Sources */ = {
			isa = PBXSourcesBuildPhase;
			buildActionMask = 2147483647;
			files = (
				23DE3BF1274DDBE400254D29 /* CubeTimeTests.swift in Sources */,
			);
			runOnlyForDeploymentPostprocessing = 0;
		};
		23DE3BF2274DDBE400254D29 /* Sources */ = {
			isa = PBXSourcesBuildPhase;
			buildActionMask = 2147483647;
			files = (
				23DE3BFB274DDBE400254D29 /* CubeTimeUITests.swift in Sources */,
				23DE3BFD274DDBE400254D29 /* CubeTimeUITestsLaunchTests.swift in Sources */,
			);
			runOnlyForDeploymentPostprocessing = 0;
		};
/* End PBXSourcesBuildPhase section */

/* Begin PBXTargetDependency section */
		23DE3BEE274DDBE400254D29 /* PBXTargetDependency */ = {
			isa = PBXTargetDependency;
			target = 23DE3BD6274DDBE200254D29 /* CubeTime */;
			targetProxy = 23DE3BED274DDBE400254D29 /* PBXContainerItemProxy */;
		};
		23DE3BF8274DDBE400254D29 /* PBXTargetDependency */ = {
			isa = PBXTargetDependency;
			target = 23DE3BD6274DDBE200254D29 /* CubeTime */;
			targetProxy = 23DE3BF7274DDBE400254D29 /* PBXContainerItemProxy */;
		};
/* End PBXTargetDependency section */

/* Begin XCBuildConfiguration section */
		23DE3BFE274DDBE400254D29 /* Debug */ = {
			isa = XCBuildConfiguration;
			buildSettings = {
				ALWAYS_SEARCH_USER_PATHS = NO;
				CLANG_ANALYZER_NONNULL = YES;
				CLANG_ANALYZER_NUMBER_OBJECT_CONVERSION = YES_AGGRESSIVE;
				CLANG_CXX_LANGUAGE_STANDARD = "gnu++17";
				CLANG_CXX_LIBRARY = "libc++";
				CLANG_ENABLE_MODULES = YES;
				CLANG_ENABLE_OBJC_ARC = YES;
				CLANG_ENABLE_OBJC_WEAK = YES;
				CLANG_WARN_BLOCK_CAPTURE_AUTORELEASING = YES;
				CLANG_WARN_BOOL_CONVERSION = YES;
				CLANG_WARN_COMMA = YES;
				CLANG_WARN_CONSTANT_CONVERSION = YES;
				CLANG_WARN_DEPRECATED_OBJC_IMPLEMENTATIONS = YES;
				CLANG_WARN_DIRECT_OBJC_ISA_USAGE = YES_ERROR;
				CLANG_WARN_DOCUMENTATION_COMMENTS = YES;
				CLANG_WARN_EMPTY_BODY = YES;
				CLANG_WARN_ENUM_CONVERSION = YES;
				CLANG_WARN_INFINITE_RECURSION = YES;
				CLANG_WARN_INT_CONVERSION = YES;
				CLANG_WARN_NON_LITERAL_NULL_CONVERSION = YES;
				CLANG_WARN_OBJC_IMPLICIT_RETAIN_SELF = YES;
				CLANG_WARN_OBJC_LITERAL_CONVERSION = YES;
				CLANG_WARN_OBJC_ROOT_CLASS = YES_ERROR;
				CLANG_WARN_QUOTED_INCLUDE_IN_FRAMEWORK_HEADER = YES;
				CLANG_WARN_RANGE_LOOP_ANALYSIS = YES;
				CLANG_WARN_STRICT_PROTOTYPES = YES;
				CLANG_WARN_SUSPICIOUS_MOVE = YES;
				CLANG_WARN_UNGUARDED_AVAILABILITY = YES_AGGRESSIVE;
				CLANG_WARN_UNREACHABLE_CODE = YES;
				CLANG_WARN__DUPLICATE_METHOD_MATCH = YES;
				COPY_PHASE_STRIP = NO;
				DEBUG_INFORMATION_FORMAT = dwarf;
				ENABLE_STRICT_OBJC_MSGSEND = YES;
				ENABLE_TESTABILITY = YES;
				GCC_C_LANGUAGE_STANDARD = gnu11;
				GCC_DYNAMIC_NO_PIC = NO;
				GCC_NO_COMMON_BLOCKS = YES;
				GCC_PREPROCESSOR_DEFINITIONS = (
					"DEBUG=1",
					"$(inherited)",
				);
				GCC_WARN_64_TO_32_BIT_CONVERSION = YES;
				GCC_WARN_ABOUT_RETURN_TYPE = YES_ERROR;
				GCC_WARN_UNDECLARED_SELECTOR = YES;
				GCC_WARN_UNINITIALIZED_AUTOS = YES_AGGRESSIVE;
				GCC_WARN_UNUSED_FUNCTION = YES;
				GCC_WARN_UNUSED_VARIABLE = YES;
				IPHONEOS_DEPLOYMENT_TARGET = 15.0;
				MTL_ENABLE_DEBUG_INFO = INCLUDE_SOURCE;
				MTL_FAST_MATH = YES;
				ONLY_ACTIVE_ARCH = YES;
				SDKROOT = iphoneos;
				SWIFT_ACTIVE_COMPILATION_CONDITIONS = DEBUG;
			};
			name = Debug;
		};
		23DE3BFF274DDBE400254D29 /* Release */ = {
			isa = XCBuildConfiguration;
			buildSettings = {
				ALWAYS_SEARCH_USER_PATHS = NO;
				CLANG_ANALYZER_NONNULL = YES;
				CLANG_ANALYZER_NUMBER_OBJECT_CONVERSION = YES_AGGRESSIVE;
				CLANG_CXX_LANGUAGE_STANDARD = "gnu++17";
				CLANG_CXX_LIBRARY = "libc++";
				CLANG_ENABLE_MODULES = YES;
				CLANG_ENABLE_OBJC_ARC = YES;
				CLANG_ENABLE_OBJC_WEAK = YES;
				CLANG_WARN_BLOCK_CAPTURE_AUTORELEASING = YES;
				CLANG_WARN_BOOL_CONVERSION = YES;
				CLANG_WARN_COMMA = YES;
				CLANG_WARN_CONSTANT_CONVERSION = YES;
				CLANG_WARN_DEPRECATED_OBJC_IMPLEMENTATIONS = YES;
				CLANG_WARN_DIRECT_OBJC_ISA_USAGE = YES_ERROR;
				CLANG_WARN_DOCUMENTATION_COMMENTS = YES;
				CLANG_WARN_EMPTY_BODY = YES;
				CLANG_WARN_ENUM_CONVERSION = YES;
				CLANG_WARN_INFINITE_RECURSION = YES;
				CLANG_WARN_INT_CONVERSION = YES;
				CLANG_WARN_NON_LITERAL_NULL_CONVERSION = YES;
				CLANG_WARN_OBJC_IMPLICIT_RETAIN_SELF = YES;
				CLANG_WARN_OBJC_LITERAL_CONVERSION = YES;
				CLANG_WARN_OBJC_ROOT_CLASS = YES_ERROR;
				CLANG_WARN_QUOTED_INCLUDE_IN_FRAMEWORK_HEADER = YES;
				CLANG_WARN_RANGE_LOOP_ANALYSIS = YES;
				CLANG_WARN_STRICT_PROTOTYPES = YES;
				CLANG_WARN_SUSPICIOUS_MOVE = YES;
				CLANG_WARN_UNGUARDED_AVAILABILITY = YES_AGGRESSIVE;
				CLANG_WARN_UNREACHABLE_CODE = YES;
				CLANG_WARN__DUPLICATE_METHOD_MATCH = YES;
				COPY_PHASE_STRIP = NO;
				DEBUG_INFORMATION_FORMAT = "dwarf-with-dsym";
				ENABLE_NS_ASSERTIONS = NO;
				ENABLE_STRICT_OBJC_MSGSEND = YES;
				GCC_C_LANGUAGE_STANDARD = gnu11;
				GCC_NO_COMMON_BLOCKS = YES;
				GCC_WARN_64_TO_32_BIT_CONVERSION = YES;
				GCC_WARN_ABOUT_RETURN_TYPE = YES_ERROR;
				GCC_WARN_UNDECLARED_SELECTOR = YES;
				GCC_WARN_UNINITIALIZED_AUTOS = YES_AGGRESSIVE;
				GCC_WARN_UNUSED_FUNCTION = YES;
				GCC_WARN_UNUSED_VARIABLE = YES;
				IPHONEOS_DEPLOYMENT_TARGET = 15.0;
				MTL_ENABLE_DEBUG_INFO = NO;
				MTL_FAST_MATH = YES;
				SDKROOT = iphoneos;
				SWIFT_COMPILATION_MODE = wholemodule;
				VALIDATE_PRODUCT = YES;
			};
			name = Release;
		};
		23DE3C01274DDBE400254D29 /* Debug */ = {
			isa = XCBuildConfiguration;
			buildSettings = {
				ASSETCATALOG_COMPILER_APPICON_NAME = AppIcon;
				ASSETCATALOG_COMPILER_GLOBAL_ACCENT_COLOR_NAME = AccentColor;
				CODE_SIGN_STYLE = Automatic;
				CURRENT_PROJECT_VERSION = 1;
				DEVELOPMENT_ASSET_PATHS = "\"CubeTime/Preview Content\"";
				DEVELOPMENT_TEAM = 52VS5QG4YD;
				ENABLE_PREVIEWS = YES;
				FRAMEWORK_SEARCH_PATHS = (
					"$(inherited)",
					"$(PROJECT_DIR)/CubeTime/3rdparty",
					"$(PROJECT_DIR)",
				);
				GCC_NO_COMMON_BLOCKS = NO;
				GCC_PRECOMPILE_PREFIX_HEADER = NO;
				GENERATE_INFOPLIST_FILE = YES;
				HEADER_SEARCH_PATHS = (
					"$(PROJECT_DIR)/CubeTime/3rdparty/tnoodle-lib/include",
					"$(PROJECT_DIR)/CubeTime/3rdparty/j2objc/include",
				);
				INFOPLIST_FILE = CubeTime/Info.plist;
				INFOPLIST_KEY_CFBundleDisplayName = CubeTime;
				INFOPLIST_KEY_UIApplicationSceneManifest_Generation = YES;
				INFOPLIST_KEY_UIApplicationSupportsIndirectInputEvents = YES;
				INFOPLIST_KEY_UILaunchStoryboardName = Splash;
				INFOPLIST_KEY_UISupportedInterfaceOrientations = UIInterfaceOrientationPortrait;
				INFOPLIST_KEY_UISupportedInterfaceOrientations_iPad = "UIInterfaceOrientationPortrait UIInterfaceOrientationPortraitUpsideDown UIInterfaceOrientationLandscapeLeft UIInterfaceOrientationLandscapeRight";
				INFOPLIST_KEY_UISupportedInterfaceOrientations_iPhone = UIInterfaceOrientationPortrait;
				IPHONEOS_DEPLOYMENT_TARGET = 15.0;
				LD_RUNPATH_SEARCH_PATHS = (
					"$(inherited)",
					"@executable_path/Frameworks",
				);
				LIBRARY_SEARCH_PATHS = (
					"$(PROJECT_DIR)/CubeTime/3rdparty/tnoodle-lib/lib",
					"$(PROJECT_DIR)/CubeTime/3rdparty/j2objc/lib",
				);
				LLVM_LTO = YES_THIN;
				MARKETING_VERSION = 2.0;
				OTHER_LDFLAGS = (
					"-ltnoodle",
					"-ljre_core",
					"-ljre_security",
					"-ljre_net",
					"-ljre_util",
				);
				PRODUCT_BUNDLE_IDENTIFIER = com.cubetime.cubetime;
				PRODUCT_NAME = "$(TARGET_NAME)";
				SWIFT_EMIT_LOC_STRINGS = YES;
				SWIFT_OBJC_BRIDGING_HEADER = "CubeTime/3rdparty-Bridging-Header.h";
				SWIFT_VERSION = 5.0;
				TARGETED_DEVICE_FAMILY = "1,2";
			};
			name = Debug;
		};
		23DE3C02274DDBE400254D29 /* Release */ = {
			isa = XCBuildConfiguration;
			buildSettings = {
				ASSETCATALOG_COMPILER_APPICON_NAME = AppIcon;
				ASSETCATALOG_COMPILER_GLOBAL_ACCENT_COLOR_NAME = AccentColor;
				CODE_SIGN_STYLE = Automatic;
				CURRENT_PROJECT_VERSION = 1;
				DEVELOPMENT_ASSET_PATHS = "\"CubeTime/Preview Content\"";
				DEVELOPMENT_TEAM = 52VS5QG4YD;
				ENABLE_PREVIEWS = YES;
				FRAMEWORK_SEARCH_PATHS = (
					"$(inherited)",
					"$(PROJECT_DIR)/CubeTime/3rdparty",
					"$(PROJECT_DIR)",
				);
				GCC_NO_COMMON_BLOCKS = NO;
				GCC_PRECOMPILE_PREFIX_HEADER = NO;
				GENERATE_INFOPLIST_FILE = YES;
				HEADER_SEARCH_PATHS = (
					"$(PROJECT_DIR)/CubeTime/3rdparty/tnoodle-lib/include",
					"$(PROJECT_DIR)/CubeTime/3rdparty/j2objc/include",
				);
				INFOPLIST_FILE = CubeTime/Info.plist;
				INFOPLIST_KEY_CFBundleDisplayName = CubeTime;
				INFOPLIST_KEY_UIApplicationSceneManifest_Generation = YES;
				INFOPLIST_KEY_UIApplicationSupportsIndirectInputEvents = YES;
				INFOPLIST_KEY_UILaunchStoryboardName = Splash;
				INFOPLIST_KEY_UISupportedInterfaceOrientations = UIInterfaceOrientationPortrait;
				INFOPLIST_KEY_UISupportedInterfaceOrientations_iPad = "UIInterfaceOrientationPortrait UIInterfaceOrientationPortraitUpsideDown UIInterfaceOrientationLandscapeLeft UIInterfaceOrientationLandscapeRight";
				INFOPLIST_KEY_UISupportedInterfaceOrientations_iPhone = UIInterfaceOrientationPortrait;
				IPHONEOS_DEPLOYMENT_TARGET = 15.0;
				LD_RUNPATH_SEARCH_PATHS = (
					"$(inherited)",
					"@executable_path/Frameworks",
				);
				LIBRARY_SEARCH_PATHS = (
					"$(PROJECT_DIR)/CubeTime/3rdparty/tnoodle-lib/lib",
					"$(PROJECT_DIR)/CubeTime/3rdparty/j2objc/lib",
				);
				LLVM_LTO = YES_THIN;
				MARKETING_VERSION = 2.0;
				ONLY_ACTIVE_ARCH = YES;
				OTHER_LDFLAGS = (
					"-ltnoodle",
					"-ljre_core",
					"-ljre_security",
					"-ljre_net",
					"-ljre_util",
				);
				PRODUCT_BUNDLE_IDENTIFIER = com.cubetime.cubetime;
				PRODUCT_NAME = "$(TARGET_NAME)";
				SWIFT_EMIT_LOC_STRINGS = YES;
				SWIFT_OBJC_BRIDGING_HEADER = "CubeTime/3rdparty-Bridging-Header.h";
				SWIFT_VERSION = 5.0;
				TARGETED_DEVICE_FAMILY = "1,2";
			};
			name = Release;
		};
		23DE3C04274DDBE400254D29 /* Debug */ = {
			isa = XCBuildConfiguration;
			buildSettings = {
				ALWAYS_EMBED_SWIFT_STANDARD_LIBRARIES = YES;
				BUNDLE_LOADER = "$(TEST_HOST)";
				CODE_SIGN_STYLE = Automatic;
				CURRENT_PROJECT_VERSION = 1;
				DEVELOPMENT_TEAM = 52VS5QG4YD;
				GENERATE_INFOPLIST_FILE = YES;
				IPHONEOS_DEPLOYMENT_TARGET = 15.0;
				LD_RUNPATH_SEARCH_PATHS = (
					"$(inherited)",
					"@executable_path/Frameworks",
					"@loader_path/Frameworks",
				);
				MARKETING_VERSION = 1.0;
				PRODUCT_BUNDLE_IDENTIFIER = com.cubetime.CubeTimeTests;
				PRODUCT_NAME = "$(TARGET_NAME)";
				SWIFT_EMIT_LOC_STRINGS = NO;
				SWIFT_VERSION = 5.0;
				TARGETED_DEVICE_FAMILY = "1,2";
				TEST_HOST = "$(BUILT_PRODUCTS_DIR)/CubeTime.app/CubeTime";
			};
			name = Debug;
		};
		23DE3C05274DDBE400254D29 /* Release */ = {
			isa = XCBuildConfiguration;
			buildSettings = {
				ALWAYS_EMBED_SWIFT_STANDARD_LIBRARIES = YES;
				BUNDLE_LOADER = "$(TEST_HOST)";
				CODE_SIGN_STYLE = Automatic;
				CURRENT_PROJECT_VERSION = 1;
				DEVELOPMENT_TEAM = 52VS5QG4YD;
				GENERATE_INFOPLIST_FILE = YES;
				IPHONEOS_DEPLOYMENT_TARGET = 15.0;
				LD_RUNPATH_SEARCH_PATHS = (
					"$(inherited)",
					"@executable_path/Frameworks",
					"@loader_path/Frameworks",
				);
				MARKETING_VERSION = 1.0;
				PRODUCT_BUNDLE_IDENTIFIER = com.cubetime.CubeTimeTests;
				PRODUCT_NAME = "$(TARGET_NAME)";
				SWIFT_EMIT_LOC_STRINGS = NO;
				SWIFT_VERSION = 5.0;
				TARGETED_DEVICE_FAMILY = "1,2";
				TEST_HOST = "$(BUILT_PRODUCTS_DIR)/CubeTime.app/CubeTime";
			};
			name = Release;
		};
		23DE3C07274DDBE400254D29 /* Debug */ = {
			isa = XCBuildConfiguration;
			buildSettings = {
				ALWAYS_EMBED_SWIFT_STANDARD_LIBRARIES = YES;
				CODE_SIGN_STYLE = Automatic;
				CURRENT_PROJECT_VERSION = 1;
				DEVELOPMENT_TEAM = 52VS5QG4YD;
				GENERATE_INFOPLIST_FILE = YES;
				LD_RUNPATH_SEARCH_PATHS = (
					"$(inherited)",
					"@executable_path/Frameworks",
					"@loader_path/Frameworks",
				);
				MARKETING_VERSION = 1.0;
				PRODUCT_BUNDLE_IDENTIFIER = com.cubetime.CubeTimeUITests;
				PRODUCT_NAME = "$(TARGET_NAME)";
				SWIFT_EMIT_LOC_STRINGS = NO;
				SWIFT_VERSION = 5.0;
				TARGETED_DEVICE_FAMILY = "1,2";
				TEST_TARGET_NAME = CubeTime;
			};
			name = Debug;
		};
		23DE3C08274DDBE400254D29 /* Release */ = {
			isa = XCBuildConfiguration;
			buildSettings = {
				ALWAYS_EMBED_SWIFT_STANDARD_LIBRARIES = YES;
				CODE_SIGN_STYLE = Automatic;
				CURRENT_PROJECT_VERSION = 1;
				DEVELOPMENT_TEAM = 52VS5QG4YD;
				GENERATE_INFOPLIST_FILE = YES;
				LD_RUNPATH_SEARCH_PATHS = (
					"$(inherited)",
					"@executable_path/Frameworks",
					"@loader_path/Frameworks",
				);
				MARKETING_VERSION = 1.0;
				PRODUCT_BUNDLE_IDENTIFIER = com.cubetime.CubeTimeUITests;
				PRODUCT_NAME = "$(TARGET_NAME)";
				SWIFT_EMIT_LOC_STRINGS = NO;
				SWIFT_VERSION = 5.0;
				TARGETED_DEVICE_FAMILY = "1,2";
				TEST_TARGET_NAME = CubeTime;
			};
			name = Release;
		};
/* End XCBuildConfiguration section */

/* Begin XCConfigurationList section */
		23DE3BD2274DDBE200254D29 /* Build configuration list for PBXProject "CubeTime" */ = {
			isa = XCConfigurationList;
			buildConfigurations = (
				23DE3BFE274DDBE400254D29 /* Debug */,
				23DE3BFF274DDBE400254D29 /* Release */,
			);
			defaultConfigurationIsVisible = 0;
			defaultConfigurationName = Release;
		};
		23DE3C00274DDBE400254D29 /* Build configuration list for PBXNativeTarget "CubeTime" */ = {
			isa = XCConfigurationList;
			buildConfigurations = (
				23DE3C01274DDBE400254D29 /* Debug */,
				23DE3C02274DDBE400254D29 /* Release */,
			);
			defaultConfigurationIsVisible = 0;
			defaultConfigurationName = Release;
		};
		23DE3C03274DDBE400254D29 /* Build configuration list for PBXNativeTarget "CubeTimeTests" */ = {
			isa = XCConfigurationList;
			buildConfigurations = (
				23DE3C04274DDBE400254D29 /* Debug */,
				23DE3C05274DDBE400254D29 /* Release */,
			);
			defaultConfigurationIsVisible = 0;
			defaultConfigurationName = Release;
		};
		23DE3C06274DDBE400254D29 /* Build configuration list for PBXNativeTarget "CubeTimeUITests" */ = {
			isa = XCConfigurationList;
			buildConfigurations = (
				23DE3C07274DDBE400254D29 /* Debug */,
				23DE3C08274DDBE400254D29 /* Release */,
			);
			defaultConfigurationIsVisible = 0;
			defaultConfigurationName = Release;
		};
/* End XCConfigurationList section */

/* Begin XCRemoteSwiftPackageReference section */
		23F7B19428C4BF7A00436F44 /* XCRemoteSwiftPackageReference "SVGKit" */ = {
			isa = XCRemoteSwiftPackageReference;
			repositoryURL = "https://github.com/SVGKit/SVGKit";
			requirement = {
				kind = exactVersion;
				version = 3.0.0;
			};
		};
/* End XCRemoteSwiftPackageReference section */

/* Begin XCSwiftPackageProductDependency section */
		23F7B19528C4BF7A00436F44 /* SVGKit */ = {
			isa = XCSwiftPackageProductDependency;
			package = 23F7B19428C4BF7A00436F44 /* XCRemoteSwiftPackageReference "SVGKit" */;
			productName = SVGKit;
		};
		23F7B19728C4BF7A00436F44 /* SVGKitSwift */ = {
			isa = XCSwiftPackageProductDependency;
			package = 23F7B19428C4BF7A00436F44 /* XCRemoteSwiftPackageReference "SVGKit" */;
			productName = SVGKitSwift;
		};
/* End XCSwiftPackageProductDependency section */

/* Begin XCVersionGroup section */
		7D7D205E274DE13A0016D804 /* txmerdata.xcdatamodeld */ = {
			isa = XCVersionGroup;
			children = (
				7D7D205F274DE13A0016D804 /* txmerdata.xcdatamodel */,
			);
			currentVersion = 7D7D205F274DE13A0016D804 /* txmerdata.xcdatamodel */;
			path = txmerdata.xcdatamodeld;
			sourceTree = "<group>";
			versionGroupType = wrapper.xcdatamodel;
		};
/* End XCVersionGroup section */
	};
	rootObject = 23DE3BCF274DDBE200254D29 /* Project object */;
}
