{
  "object": {
    "pins": [
      {
        "package": "CocoaLumberjack",
        "repositoryURL": "https://github.com/CocoaLumberjack/CocoaLumberjack.git",
        "state": {
          "branch": null,
          "revision": "80ada1f753b0d53d9b57c465936a7c4169375002",
          "version": "3.7.4"
        }
      },
      {
        "package": "SVGKit",
        "repositoryURL": "https://github.com/SVGKit/SVGKit",
        "state": {
          "branch": null,
          "revision": "58152b9f7c85eab239160b36ffdfd364aa43d666",
          "version": "3.0.0"
        }
      },
      {
        "package": "swift-log",
        "repositoryURL": "https://github.com/apple/swift-log.git",
        "state": {
          "branch": null,
          "revision": "6fe203dc33195667ce1759bf0182975e4653ba1c",
          "version": "1.4.4"
        }
      },
      {
        "package": "SwiftfulLoadingIndicators",
        "repositoryURL": "https://github.com/SwiftfulThinking/SwiftfulLoadingIndicators",
        "state": {
          "branch": null,
          "revision": "85858c0246dcd781228301f9928519f75ce89758",
          "version": "0.0.4"
        }
      }
    ]
  },
  "version": 1
}
